
Microsoft Visual Studio Solution File, Format Version 12.00
# Visual Studio 15
VisualStudioVersion = 15.0.28307.136
MinimumVisualStudioVersion = 10.0.40219.1
Project("{FAE04EC0-301F-11D3-BF4B-00C04F79EFBC}") = "DialogFlow.OpenHab.Proxy", "DialogFlow.OpenHab.Proxy\DialogFlow.OpenHab.Proxy.csproj", "{20ADF6F3-3C10-448B-A0B3-955BC92F412C}"
EndProject
Global
	GlobalSection(SolutionConfigurationPlatforms) = preSolution
		Debug|Any CPU = Debug|Any CPU
		Release|Any CPU = Release|Any CPU
	EndGlobalSection
	GlobalSection(ProjectConfigurationPlatforms) = postSolution
		{20ADF6F3-3C10-448B-A0B3-955BC92F412C}.Debug|Any CPU.ActiveCfg = Debug|Any CPU
		{20ADF6F3-3C10-448B-A0B3-955BC92F412C}.Debug|Any CPU.Build.0 = Debug|Any CPU
		{20ADF6F3-3C10-448B-A0B3-955BC92F412C}.Release|Any CPU.ActiveCfg = Release|Any CPU
		{20ADF6F3-3C10-448B-A0B3-955BC92F412C}.Release|Any CPU.Build.0 = Release|Any CPU
	EndGlobalSection
	GlobalSection(SolutionProperties) = preSolution
		HideSolutionNode = FALSE
	EndGlobalSection
	GlobalSection(ExtensibilityGlobals) = postSolution
		SolutionGuid = {6E338EB2-34A9-45EB-9E9D-271AABC85882}
	EndGlobalSection
EndGlobal
